// !$*UTF8*$!
{
	archiveVersion = 1;
	classes = {
	};
	objectVersion = 56;
	objects = {

/* Begin PBXBuildFile section */
		40F3BFD12A9CBB96002F7A7B /* AppDelegate.swift in Sources */ = {isa = PBXBuildFile; fileRef = 40F3BFD02A9CBB96002F7A7B /* AppDelegate.swift */; };
		40F3BFD32A9CBB96002F7A7B /* SceneDelegate.swift in Sources */ = {isa = PBXBuildFile; fileRef = 40F3BFD22A9CBB96002F7A7B /* SceneDelegate.swift */; };
		40F3BFDA2A9CBB98002F7A7B /* Assets.xcassets in Resources */ = {isa = PBXBuildFile; fileRef = 40F3BFD92A9CBB98002F7A7B /* Assets.xcassets */; };
		40F3BFF02A9CCDFD002F7A7B /* TabBarController.swift in Sources */ = {isa = PBXBuildFile; fileRef = 40F3BFEF2A9CCDFD002F7A7B /* TabBarController.swift */; };
		40F3BFF22A9CCE6C002F7A7B /* TodayViewController.swift in Sources */ = {isa = PBXBuildFile; fileRef = 40F3BFF12A9CCE6C002F7A7B /* TodayViewController.swift */; };
		40F3BFF42A9CD36E002F7A7B /* NewsViewController.swift in Sources */ = {isa = PBXBuildFile; fileRef = 40F3BFF32A9CD36E002F7A7B /* NewsViewController.swift */; };
		40F3BFF62A9CD3A1002F7A7B /* FollowingViewController.swift in Sources */ = {isa = PBXBuildFile; fileRef = 40F3BFF52A9CD3A1002F7A7B /* FollowingViewController.swift */; };
		40F3BFFC2A9CDEE6002F7A7B /* TodayColletionViewCell.swift in Sources */ = {isa = PBXBuildFile; fileRef = 40F3BFFB2A9CDEE6002F7A7B /* TodayColletionViewCell.swift */; };
		40F3C0002A9CE406002F7A7B /* ModelData.swift in Sources */ = {isa = PBXBuildFile; fileRef = 40F3BFFF2A9CE406002F7A7B /* ModelData.swift */; };
		40F3C0022A9CE49F002F7A7B /* NetworkManager.swift in Sources */ = {isa = PBXBuildFile; fileRef = 40F3C0012A9CE49F002F7A7B /* NetworkManager.swift */; };
		40F3C0052A9CED64002F7A7B /* Nuke in Frameworks */ = {isa = PBXBuildFile; productRef = 40F3C0042A9CED64002F7A7B /* Nuke */; };
		40F3C0072A9D4E4A002F7A7B /* DetailViewController.swift in Sources */ = {isa = PBXBuildFile; fileRef = 40F3C0062A9D4E4A002F7A7B /* DetailViewController.swift */; };
/* End PBXBuildFile section */

/* Begin PBXFileReference section */
		40F3BFCD2A9CBB96002F7A7B /* News.app */ = {isa = PBXFileReference; explicitFileType = wrapper.application; includeInIndex = 0; path = News.app; sourceTree = BUILT_PRODUCTS_DIR; };
		40F3BFD02A9CBB96002F7A7B /* AppDelegate.swift */ = {isa = PBXFileReference; lastKnownFileType = sourcecode.swift; path = AppDelegate.swift; sourceTree = "<group>"; };
		40F3BFD22A9CBB96002F7A7B /* SceneDelegate.swift */ = {isa = PBXFileReference; lastKnownFileType = sourcecode.swift; path = SceneDelegate.swift; sourceTree = "<group>"; };
		40F3BFD92A9CBB98002F7A7B /* Assets.xcassets */ = {isa = PBXFileReference; lastKnownFileType = folder.assetcatalog; path = Assets.xcassets; sourceTree = "<group>"; };
		40F3BFDE2A9CBB98002F7A7B /* Info.plist */ = {isa = PBXFileReference; lastKnownFileType = text.plist.xml; path = Info.plist; sourceTree = "<group>"; };
		40F3BFEF2A9CCDFD002F7A7B /* TabBarController.swift */ = {isa = PBXFileReference; fileEncoding = 4; lastKnownFileType = sourcecode.swift; path = TabBarController.swift; sourceTree = "<group>"; };
		40F3BFF12A9CCE6C002F7A7B /* TodayViewController.swift */ = {isa = PBXFileReference; lastKnownFileType = sourcecode.swift; path = TodayViewController.swift; sourceTree = "<group>"; };
		40F3BFF32A9CD36E002F7A7B /* NewsViewController.swift */ = {isa = PBXFileReference; lastKnownFileType = sourcecode.swift; path = NewsViewController.swift; sourceTree = "<group>"; };
		40F3BFF52A9CD3A1002F7A7B /* FollowingViewController.swift */ = {isa = PBXFileReference; lastKnownFileType = sourcecode.swift; path = FollowingViewController.swift; sourceTree = "<group>"; };
		40F3BFFB2A9CDEE6002F7A7B /* TodayColletionViewCell.swift */ = {isa = PBXFileReference; lastKnownFileType = sourcecode.swift; path = TodayColletionViewCell.swift; sourceTree = SOURCE_ROOT; };
		40F3BFFF2A9CE406002F7A7B /* ModelData.swift */ = {isa = PBXFileReference; lastKnownFileType = sourcecode.swift; path = ModelData.swift; sourceTree = "<group>"; };
		40F3C0012A9CE49F002F7A7B /* NetworkManager.swift */ = {isa = PBXFileReference; lastKnownFileType = sourcecode.swift; path = NetworkManager.swift; sourceTree = "<group>"; };
		40F3C0062A9D4E4A002F7A7B /* DetailViewController.swift */ = {isa = PBXFileReference; lastKnownFileType = sourcecode.swift; path = DetailViewController.swift; sourceTree = "<group>"; };
/* End PBXFileReference section */

/* Begin PBXFrameworksBuildPhase section */
		40F3BFCA2A9CBB96002F7A7B /* Frameworks */ = {
			isa = PBXFrameworksBuildPhase;
			buildActionMask = 2147483647;
			files = (
				40F3C0052A9CED64002F7A7B /* Nuke in Frameworks */,
			);
			runOnlyForDeploymentPostprocessing = 0;
		};
/* End PBXFrameworksBuildPhase section */

/* Begin PBXGroup section */
		40F3BFC42A9CBB96002F7A7B = {
			isa = PBXGroup;
			children = (
				40F3BFCF2A9CBB96002F7A7B /* News */,
				40F3BFCE2A9CBB96002F7A7B /* Products */,
			);
			sourceTree = "<group>";
		};
		40F3BFCE2A9CBB96002F7A7B /* Products */ = {
			isa = PBXGroup;
			children = (
				40F3BFCD2A9CBB96002F7A7B /* News.app */,
			);
			name = Products;
			sourceTree = "<group>";
		};
		40F3BFCF2A9CBB96002F7A7B /* News */ = {
			isa = PBXGroup;
			children = (
				40F3BFD02A9CBB96002F7A7B /* AppDelegate.swift */,
				40F3BFD22A9CBB96002F7A7B /* SceneDelegate.swift */,
				40F3BFD92A9CBB98002F7A7B /* Assets.xcassets */,
				40F3BFDE2A9CBB98002F7A7B /* Info.plist */,
				40F3BFFE2A9CDF27002F7A7B /* NetworkService */,
				40F3BFFD2A9CDF11002F7A7B /* Model */,
				40F3BFFA2A9CD5B1002F7A7B /* View */,
			);
			path = News;
			sourceTree = "<group>";
		};
		40F3BFF72A9CD57A002F7A7B /* Today */ = {
			isa = PBXGroup;
			children = (
				40F3BFF12A9CCE6C002F7A7B /* TodayViewController.swift */,
				40F3BFFB2A9CDEE6002F7A7B /* TodayColletionViewCell.swift */,
				40F3C0062A9D4E4A002F7A7B /* DetailViewController.swift */,
			);
			path = Today;
			sourceTree = "<group>";
		};
		40F3BFF82A9CD58B002F7A7B /* News+ */ = {
			isa = PBXGroup;
			children = (
				40F3BFF32A9CD36E002F7A7B /* NewsViewController.swift */,
			);
			path = "News+";
			sourceTree = "<group>";
		};
		40F3BFF92A9CD59A002F7A7B /* Following */ = {
			isa = PBXGroup;
			children = (
				40F3BFF52A9CD3A1002F7A7B /* FollowingViewController.swift */,
			);
			path = Following;
			sourceTree = "<group>";
		};
		40F3BFFA2A9CD5B1002F7A7B /* View */ = {
			isa = PBXGroup;
			children = (
				40F3BFEF2A9CCDFD002F7A7B /* TabBarController.swift */,
				40F3BFF72A9CD57A002F7A7B /* Today */,
				40F3BFF82A9CD58B002F7A7B /* News+ */,
				40F3BFF92A9CD59A002F7A7B /* Following */,
			);
			path = View;
			sourceTree = "<group>";
		};
		40F3BFFD2A9CDF11002F7A7B /* Model */ = {
			isa = PBXGroup;
			children = (
				40F3BFFF2A9CE406002F7A7B /* ModelData.swift */,
			);
			path = Model;
			sourceTree = "<group>";
		};
		40F3BFFE2A9CDF27002F7A7B /* NetworkService */ = {
			isa = PBXGroup;
			children = (
				40F3C0012A9CE49F002F7A7B /* NetworkManager.swift */,
			);
			path = NetworkService;
			sourceTree = "<group>";
		};
/* End PBXGroup section */

/* Begin PBXNativeTarget section */
		40F3BFCC2A9CBB96002F7A7B /* News */ = {
			isa = PBXNativeTarget;
			buildConfigurationList = 40F3BFE12A9CBB98002F7A7B /* Build configuration list for PBXNativeTarget "News" */;
			buildPhases = (
				40F3BFC92A9CBB96002F7A7B /* Sources */,
				40F3BFCA2A9CBB96002F7A7B /* Frameworks */,
				40F3BFCB2A9CBB96002F7A7B /* Resources */,
			);
			buildRules = (
			);
			dependencies = (
			);
			name = News;
			packageProductDependencies = (
				40F3C0042A9CED64002F7A7B /* Nuke */,
			);
			productName = News;
			productReference = 40F3BFCD2A9CBB96002F7A7B /* News.app */;
			productType = "com.apple.product-type.application";
		};
/* End PBXNativeTarget section */

/* Begin PBXProject section */
		40F3BFC52A9CBB96002F7A7B /* Project object */ = {
			isa = PBXProject;
			attributes = {
				BuildIndependentTargetsInParallel = 1;
				LastSwiftUpdateCheck = 1430;
				LastUpgradeCheck = 1430;
				TargetAttributes = {
					40F3BFCC2A9CBB96002F7A7B = {
						CreatedOnToolsVersion = 14.3;
					};
				};
			};
			buildConfigurationList = 40F3BFC82A9CBB96002F7A7B /* Build configuration list for PBXProject "News" */;
			compatibilityVersion = "Xcode 14.0";
			developmentRegion = en;
			hasScannedForEncodings = 0;
			knownRegions = (
				en,
				Base,
			);
			mainGroup = 40F3BFC42A9CBB96002F7A7B;
			packageReferences = (
				40F3C0032A9CED64002F7A7B /* XCRemoteSwiftPackageReference "Nuke" */,
			);
			productRefGroup = 40F3BFCE2A9CBB96002F7A7B /* Products */;
			projectDirPath = "";
			projectRoot = "";
			targets = (
				40F3BFCC2A9CBB96002F7A7B /* News */,
			);
		};
/* End PBXProject section */

/* Begin PBXResourcesBuildPhase section */
		40F3BFCB2A9CBB96002F7A7B /* Resources */ = {
			isa = PBXResourcesBuildPhase;
			buildActionMask = 2147483647;
			files = (
				40F3BFDA2A9CBB98002F7A7B /* Assets.xcassets in Resources */,
			);
			runOnlyForDeploymentPostprocessing = 0;
		};
/* End PBXResourcesBuildPhase section */

/* Begin PBXSourcesBuildPhase section */
		40F3BFC92A9CBB96002F7A7B /* Sources */ = {
			isa = PBXSourcesBuildPhase;
			buildActionMask = 2147483647;
			files = (
				40F3C0072A9D4E4A002F7A7B /* DetailViewController.swift in Sources */,
				40F3BFFC2A9CDEE6002F7A7B /* TodayColletionViewCell.swift in Sources */,
				40F3C0002A9CE406002F7A7B /* ModelData.swift in Sources */,
				40F3BFF02A9CCDFD002F7A7B /* TabBarController.swift in Sources */,
				40F3BFF22A9CCE6C002F7A7B /* TodayViewController.swift in Sources */,
				40F3BFF42A9CD36E002F7A7B /* NewsViewController.swift in Sources */,
				40F3BFF62A9CD3A1002F7A7B /* FollowingViewController.swift in Sources */,
				40F3BFD12A9CBB96002F7A7B /* AppDelegate.swift in Sources */,
				40F3C0022A9CE49F002F7A7B /* NetworkManager.swift in Sources */,
				40F3BFD32A9CBB96002F7A7B /* SceneDelegate.swift in Sources */,
			);
			runOnlyForDeploymentPostprocessing = 0;
		};
/* End PBXSourcesBuildPhase section */

/* Begin XCBuildConfiguration section */
		40F3BFDF2A9CBB98002F7A7B /* Debug */ = {
			isa = XCBuildConfiguration;
			buildSettings = {
				ALWAYS_SEARCH_USER_PATHS = NO;
				CLANG_ANALYZER_NONNULL = YES;
				CLANG_ANALYZER_NUMBER_OBJECT_CONVERSION = YES_AGGRESSIVE;
				CLANG_CXX_LANGUAGE_STANDARD = "gnu++20";
				CLANG_ENABLE_MODULES = YES;
				CLANG_ENABLE_OBJC_ARC = YES;
				CLANG_ENABLE_OBJC_WEAK = YES;
				CLANG_WARN_BLOCK_CAPTURE_AUTORELEASING = YES;
				CLANG_WARN_BOOL_CONVERSION = YES;
				CLANG_WARN_COMMA = YES;
				CLANG_WARN_CONSTANT_CONVERSION = YES;
				CLANG_WARN_DEPRECATED_OBJC_IMPLEMENTATIONS = YES;
				CLANG_WARN_DIRECT_OBJC_ISA_USAGE = YES_ERROR;
				CLANG_WARN_DOCUMENTATION_COMMENTS = YES;
				CLANG_WARN_EMPTY_BODY = YES;
				CLANG_WARN_ENUM_CONVERSION = YES;
				CLANG_WARN_INFINITE_RECURSION = YES;
				CLANG_WARN_INT_CONVERSION = YES;
				CLANG_WARN_NON_LITERAL_NULL_CONVERSION = YES;
				CLANG_WARN_OBJC_IMPLICIT_RETAIN_SELF = YES;
				CLANG_WARN_OBJC_LITERAL_CONVERSION = YES;
				CLANG_WARN_OBJC_ROOT_CLASS = YES_ERROR;
				CLANG_WARN_QUOTED_INCLUDE_IN_FRAMEWORK_HEADER = YES;
				CLANG_WARN_RANGE_LOOP_ANALYSIS = YES;
				CLANG_WARN_STRICT_PROTOTYPES = YES;
				CLANG_WARN_SUSPICIOUS_MOVE = YES;
				CLANG_WARN_UNGUARDED_AVAILABILITY = YES_AGGRESSIVE;
				CLANG_WARN_UNREACHABLE_CODE = YES;
				CLANG_WARN__DUPLICATE_METHOD_MATCH = YES;
				COPY_PHASE_STRIP = NO;
				DEBUG_INFORMATION_FORMAT = dwarf;
				ENABLE_STRICT_OBJC_MSGSEND = YES;
				ENABLE_TESTABILITY = YES;
				GCC_C_LANGUAGE_STANDARD = gnu11;
				GCC_DYNAMIC_NO_PIC = NO;
				GCC_NO_COMMON_BLOCKS = YES;
				GCC_OPTIMIZATION_LEVEL = 0;
				GCC_PREPROCESSOR_DEFINITIONS = (
					"DEBUG=1",
					"$(inherited)",
				);
				GCC_WARN_64_TO_32_BIT_CONVERSION = YES;
				GCC_WARN_ABOUT_RETURN_TYPE = YES_ERROR;
				GCC_WARN_UNDECLARED_SELECTOR = YES;
				GCC_WARN_UNINITIALIZED_AUTOS = YES_AGGRESSIVE;
				GCC_WARN_UNUSED_FUNCTION = YES;
				GCC_WARN_UNUSED_VARIABLE = YES;
				IPHONEOS_DEPLOYMENT_TARGET = 16.4;
				MTL_ENABLE_DEBUG_INFO = INCLUDE_SOURCE;
				MTL_FAST_MATH = YES;
				ONLY_ACTIVE_ARCH = YES;
				SDKROOT = iphoneos;
				SWIFT_ACTIVE_COMPILATION_CONDITIONS = DEBUG;
				SWIFT_OPTIMIZATION_LEVEL = "-Onone";
			};
			name = Debug;
		};
		40F3BFE02A9CBB98002F7A7B /* Release */ = {
			isa = XCBuildConfiguration;
			buildSettings = {
				ALWAYS_SEARCH_USER_PATHS = NO;
				CLANG_ANALYZER_NONNULL = YES;
				CLANG_ANALYZER_NUMBER_OBJECT_CONVERSION = YES_AGGRESSIVE;
				CLANG_CXX_LANGUAGE_STANDARD = "gnu++20";
				CLANG_ENABLE_MODULES = YES;
				CLANG_ENABLE_OBJC_ARC = YES;
				CLANG_ENABLE_OBJC_WEAK = YES;
				CLANG_WARN_BLOCK_CAPTURE_AUTORELEASING = YES;
				CLANG_WARN_BOOL_CONVERSION = YES;
				CLANG_WARN_COMMA = YES;
				CLANG_WARN_CONSTANT_CONVERSION = YES;
				CLANG_WARN_DEPRECATED_OBJC_IMPLEMENTATIONS = YES;
				CLANG_WARN_DIRECT_OBJC_ISA_USAGE = YES_ERROR;
				CLANG_WARN_DOCUMENTATION_COMMENTS = YES;
				CLANG_WARN_EMPTY_BODY = YES;
				CLANG_WARN_ENUM_CONVERSION = YES;
				CLANG_WARN_INFINITE_RECURSION = YES;
				CLANG_WARN_INT_CONVERSION = YES;
				CLANG_WARN_NON_LITERAL_NULL_CONVERSION = YES;
				CLANG_WARN_OBJC_IMPLICIT_RETAIN_SELF = YES;
				CLANG_WARN_OBJC_LITERAL_CONVERSION = YES;
				CLANG_WARN_OBJC_ROOT_CLASS = YES_ERROR;
				CLANG_WARN_QUOTED_INCLUDE_IN_FRAMEWORK_HEADER = YES;
				CLANG_WARN_RANGE_LOOP_ANALYSIS = YES;
				CLANG_WARN_STRICT_PROTOTYPES = YES;
				CLANG_WARN_SUSPICIOUS_MOVE = YES;
				CLANG_WARN_UNGUARDED_AVAILABILITY = YES_AGGRESSIVE;
				CLANG_WARN_UNREACHABLE_CODE = YES;
				CLANG_WARN__DUPLICATE_METHOD_MATCH = YES;
				COPY_PHASE_STRIP = NO;
				DEBUG_INFORMATION_FORMAT = "dwarf-with-dsym";
				ENABLE_NS_ASSERTIONS = NO;
				ENABLE_STRICT_OBJC_MSGSEND = YES;
				GCC_C_LANGUAGE_STANDARD = gnu11;
				GCC_NO_COMMON_BLOCKS = YES;
				GCC_WARN_64_TO_32_BIT_CONVERSION = YES;
				GCC_WARN_ABOUT_RETURN_TYPE = YES_ERROR;
				GCC_WARN_UNDECLARED_SELECTOR = YES;
				GCC_WARN_UNINITIALIZED_AUTOS = YES_AGGRESSIVE;
				GCC_WARN_UNUSED_FUNCTION = YES;
				GCC_WARN_UNUSED_VARIABLE = YES;
				IPHONEOS_DEPLOYMENT_TARGET = 16.4;
				MTL_ENABLE_DEBUG_INFO = NO;
				MTL_FAST_MATH = YES;
				SDKROOT = iphoneos;
				SWIFT_COMPILATION_MODE = wholemodule;
				SWIFT_OPTIMIZATION_LEVEL = "-O";
				VALIDATE_PRODUCT = YES;
			};
			name = Release;
		};
		40F3BFE22A9CBB98002F7A7B /* Debug */ = {
			isa = XCBuildConfiguration;
			buildSettings = {
				ASSETCATALOG_COMPILER_APPICON_NAME = AppIcon;
				ASSETCATALOG_COMPILER_GLOBAL_ACCENT_COLOR_NAME = AccentColor;
				CODE_SIGN_STYLE = Automatic;
				CURRENT_PROJECT_VERSION = 1;
				DEVELOPMENT_TEAM = 86GJ67H28Q;
				GENERATE_INFOPLIST_FILE = YES;
				INFOPLIST_FILE = News/Info.plist;
				INFOPLIST_KEY_UIApplicationSupportsIndirectInputEvents = YES;
				INFOPLIST_KEY_UILaunchStoryboardName = LaunchScreen;
				INFOPLIST_KEY_UISupportedInterfaceOrientations_iPad = "UIInterfaceOrientationPortrait UIInterfaceOrientationPortraitUpsideDown UIInterfaceOrientationLandscapeLeft UIInterfaceOrientationLandscapeRight";
				INFOPLIST_KEY_UISupportedInterfaceOrientations_iPhone = "UIInterfaceOrientationPortrait UIInterfaceOrientationLandscapeLeft UIInterfaceOrientationLandscapeRight";
				LD_RUNPATH_SEARCH_PATHS = (
					"$(inherited)",
					"@executable_path/Frameworks",
				);
				MARKETING_VERSION = 1.0;
				PRODUCT_BUNDLE_IDENTIFIER = xanew.News;
				PRODUCT_NAME = "$(TARGET_NAME)";
				SWIFT_EMIT_LOC_STRINGS = YES;
				SWIFT_VERSION = 5.0;
				TARGETED_DEVICE_FAMILY = "1,2";
			};
			name = Debug;
		};
		40F3BFE32A9CBB98002F7A7B /* Release */ = {
			isa = XCBuildConfiguration;
			buildSettings = {
				ASSETCATALOG_COMPILER_APPICON_NAME = AppIcon;
				ASSETCATALOG_COMPILER_GLOBAL_ACCENT_COLOR_NAME = AccentColor;
				CODE_SIGN_STYLE = Automatic;
				CURRENT_PROJECT_VERSION = 1;
				DEVELOPMENT_TEAM = 86GJ67H28Q;
				GENERATE_INFOPLIST_FILE = YES;
				INFOPLIST_FILE = News/Info.plist;
				INFOPLIST_KEY_UIApplicationSupportsIndirectInputEvents = YES;
				INFOPLIST_KEY_UILaunchStoryboardName = LaunchScreen;
				INFOPLIST_KEY_UISupportedInterfaceOrientations_iPad = "UIInterfaceOrientationPortrait UIInterfaceOrientationPortraitUpsideDown UIInterfaceOrientationLandscapeLeft UIInterfaceOrientationLandscapeRight";
				INFOPLIST_KEY_UISupportedInterfaceOrientations_iPhone = "UIInterfaceOrientationPortrait UIInterfaceOrientationLandscapeLeft UIInterfaceOrientationLandscapeRight";
				LD_RUNPATH_SEARCH_PATHS = (
					"$(inherited)",
					"@executable_path/Frameworks",
				);
				MARKETING_VERSION = 1.0;
				PRODUCT_BUNDLE_IDENTIFIER = xanew.News;
				PRODUCT_NAME = "$(TARGET_NAME)";
				SWIFT_EMIT_LOC_STRINGS = YES;
				SWIFT_VERSION = 5.0;
				TARGETED_DEVICE_FAMILY = "1,2";
			};
			name = Release;
		};
/* End XCBuildConfiguration section */

/* Begin XCConfigurationList section */
		40F3BFC82A9CBB96002F7A7B /* Build configuration list for PBXProject "News" */ = {
			isa = XCConfigurationList;
			buildConfigurations = (
				40F3BFDF2A9CBB98002F7A7B /* Debug */,
				40F3BFE02A9CBB98002F7A7B /* Release */,
			);
			defaultConfigurationIsVisible = 0;
			defaultConfigurationName = Release;
		};
		40F3BFE12A9CBB98002F7A7B /* Build configuration list for PBXNativeTarget "News" */ = {
			isa = XCConfigurationList;
			buildConfigurations = (
				40F3BFE22A9CBB98002F7A7B /* Debug */,
				40F3BFE32A9CBB98002F7A7B /* Release */,
			);
			defaultConfigurationIsVisible = 0;
			defaultConfigurationName = Release;
		};
/* End XCConfigurationList section */

/* Begin XCRemoteSwiftPackageReference section */
		40F3C0032A9CED64002F7A7B /* XCRemoteSwiftPackageReference "Nuke" */ = {
			isa = XCRemoteSwiftPackageReference;
			repositoryURL = "https://github.com/kean/Nuke.git";
			requirement = {
				kind = upToNextMajorVersion;
				minimumVersion = 12.0.0;
			};
		};
/* End XCRemoteSwiftPackageReference section */

/* Begin XCSwiftPackageProductDependency section */
		40F3C0042A9CED64002F7A7B /* Nuke */ = {
			isa = XCSwiftPackageProductDependency;
			package = 40F3C0032A9CED64002F7A7B /* XCRemoteSwiftPackageReference "Nuke" */;
			productName = Nuke;
		};
/* End XCSwiftPackageProductDependency section */
	};
	rootObject = 40F3BFC52A9CBB96002F7A7B /* Project object */;
}
